Microsoft Visual Studio Solution File, Format Version 11.00
# Visual Studio 2008

Project("{1E3C1F20-7984-A90D-BE58-8F30DAFDDCCC}") = "RopeMania", "Assembly-CSharp-firstpass.csproj", "{4156B946-F960-126E-FA8F-4E8952664489}"
EndProject
Project("{1E3C1F20-7984-A90D-BE58-8F30DAFDDCCC}") = "RopeMania", "Assembly-CSharp.csproj", "{5CC9C829-89F6-E5D1-7038-CF3A6448B1FC}"
EndProject
Project("{1E3C1F20-7984-A90D-BE58-8F30DAFDDCCC}") = "RopeMania", "Assembly-CSharp-Editor-firstpass.csproj", "{7B440914-042B-8BFD-AF00-DC3E6E5A23BB}"
EndProject
Global
	GlobalSection(SolutionConfigurationPlatforms) = preSolution
		Debug|Any CPU = Debug|Any CPU
		Release|Any CPU = Release|Any CPU
	EndGlobalSection
	GlobalSection(ProjectConfigurationPlatforms) = postSolution
		{4156B946-F960-126E-FA8F-4E8952664489}.Debug|Any CPU.ActiveCfg = Debug|Any CPU
		{4156B946-F960-126E-FA8F-4E8952664489}.Debug|Any CPU.Build.0 = Debug|Any CPU
		{4156B946-F960-126E-FA8F-4E8952664489}.Release|Any CPU.ActiveCfg = Release|Any CPU
		{4156B946-F960-126E-FA8F-4E8952664489}.Release|Any CPU.Build.0 = Release|Any CPU
		{5CC9C829-89F6-E5D1-7038-CF3A6448B1FC}.Debug|Any CPU.ActiveCfg = Debug|Any CPU
		{5CC9C829-89F6-E5D1-7038-CF3A6448B1FC}.Debug|Any CPU.Build.0 = Debug|Any CPU
		{5CC9C829-89F6-E5D1-7038-CF3A6448B1FC}.Release|Any CPU.ActiveCfg = Release|Any CPU
		{5CC9C829-89F6-E5D1-7038-CF3A6448B1FC}.Release|Any CPU.Build.0 = Release|Any CPU
		{7B440914-042B-8BFD-AF00-DC3E6E5A23BB}.Debug|Any CPU.ActiveCfg = Debug|Any CPU
		{7B440914-042B-8BFD-AF00-DC3E6E5A23BB}.Debug|Any CPU.Build.0 = Debug|Any CPU
		{7B440914-042B-8BFD-AF00-DC3E6E5A23BB}.Release|Any CPU.ActiveCfg = Release|Any CPU
		{7B440914-042B-8BFD-AF00-DC3E6E5A23BB}.Release|Any CPU.Build.0 = Release|Any CPU
	EndGlobalSection
	GlobalSection(SolutionProperties) = preSolution
		HideSolutionNode = FALSE
	EndGlobalSection
	GlobalSection(MonoDevelopProperties) = preSolution
		StartupItem = Assembly-CSharp.csproj
	EndGlobalSection
EndGlobal
